lockVersion: 2.0.0
id: 9dca54fd-a2f4-4a9e-8d1e-b9ada533c552
management:
  docChecksum: 1bdb7a6f8bf3995d4b40475228403253
  docVersion: 1.0.0
  speakeasyVersion: internal
  generationVersion: 2.258.2
  releaseVersion: 0.11.0
  configChecksum: 703fee943023f8212a814eba0445bf7e
  repoURL: https://github.com/speakeasy-sdks/pet.git
  repoSubDirectory: .
  published: true
features:
  java:
    core: 3.5.1
    globalServerURLs: 2.82.1
generatedFiles:
  - lib/src/main/java/com/testworkspace2/pet/api_name_pet/SDKConfiguration.java
  - lib/src/main/java/com/testworkspace2/pet/api_name_pet/Pets.java
  - lib/src/main/java/com/testworkspace2/pet/api_name_pet/ApiNamePet.java
  - .gitattributes
  - gradle/wrapper/gradle-wrapper.jar
  - gradle/wrapper/gradle-wrapper.properties
  - gradlew
  - gradlew.bat
  - settings.gradle
  - lib/build.gradle
  - lib/src/main/java/com/testworkspace2/pet/api_name_pet/utils/DateTimeDeserializer.java
  - lib/src/main/java/com/testworkspace2/pet/api_name_pet/utils/DateTimeSerializer.java
  - lib/src/main/java/com/testworkspace2/pet/api_name_pet/utils/FormMetadata.java
  - lib/src/main/java/com/testworkspace2/pet/api_name_pet/utils/HTTPClient.java
  - lib/src/main/java/com/testworkspace2/pet/api_name_pet/utils/HTTPRequest.java
  - lib/src/main/java/com/testworkspace2/pet/api_name_pet/utils/HeaderMetadata.java
  - lib/src/main/java/com/testworkspace2/pet/api_name_pet/utils/JSON.java
  - lib/src/main/java/com/testworkspace2/pet/api_name_pet/utils/Metadata.java
  - lib/src/main/java/com/testworkspace2/pet/api_name_pet/utils/MultipartFormMetadata.java
  - lib/src/main/java/com/testworkspace2/pet/api_name_pet/utils/PathParamsMetadata.java
  - lib/src/main/java/com/testworkspace2/pet/api_name_pet/utils/QueryParameters.java
  - lib/src/main/java/com/testworkspace2/pet/api_name_pet/utils/QueryParamsMetadata.java
  - lib/src/main/java/com/testworkspace2/pet/api_name_pet/utils/RequestBody.java
  - lib/src/main/java/com/testworkspace2/pet/api_name_pet/utils/RequestMetadata.java
  - lib/src/main/java/com/testworkspace2/pet/api_name_pet/utils/Security.java
  - lib/src/main/java/com/testworkspace2/pet/api_name_pet/utils/SecurityMetadata.java
  - lib/src/main/java/com/testworkspace2/pet/api_name_pet/utils/SerializedBody.java
  - lib/src/main/java/com/testworkspace2/pet/api_name_pet/utils/SpeakeasyHTTPClient.java
  - lib/src/main/java/com/testworkspace2/pet/api_name_pet/utils/SpeakeasyHTTPSecurityClient.java
  - lib/src/main/java/com/testworkspace2/pet/api_name_pet/utils/SpeakeasyMetadata.java
  - lib/src/main/java/com/testworkspace2/pet/api_name_pet/utils/Types.java
  - lib/src/main/java/com/testworkspace2/pet/api_name_pet/utils/Utils.java
  - lib/src/main/java/com/testworkspace2/pet/api_name_pet/models/operations/CreatePetsResponse.java
  - lib/src/main/java/com/testworkspace2/pet/api_name_pet/models/operations/ListPetsRequest.java
  - lib/src/main/java/com/testworkspace2/pet/api_name_pet/models/operations/ListPetsResponse.java
  - lib/src/main/java/com/testworkspace2/pet/api_name_pet/models/operations/ShowPetByIdRequest.java
  - lib/src/main/java/com/testworkspace2/pet/api_name_pet/models/operations/ShowPetByIdResponse.java
  - lib/src/main/java/com/testworkspace2/pet/api_name_pet/models/shared/Error.java
  - lib/src/main/java/com/testworkspace2/pet/api_name_pet/models/shared/Pet.java
  - docs/models/operations/CreatePetsResponse.md
  - docs/models/operations/ListPetsRequest.md
  - docs/models/operations/ListPetsResponse.md
  - docs/models/operations/ShowPetByIdRequest.md
  - docs/models/operations/ShowPetByIdResponse.md
  - docs/models/shared/Error.md
  - docs/models/shared/Pet.md
  - docs/sdks/apinamepet/README.md
  - docs/sdks/pets/README.md
  - USAGE.md
